
Microsoft Visual Studio Solution File, Format Version 12.00
# Visual Studio Version 17
VisualStudioVersion = 17.8.34330.188
MinimumVisualStudioVersion = 10.0.40219.1
Project("{9A19103F-16F7-4668-BE54-9A1E7A4F7556}") = "BulkyWeb", "BulkyWeb\BulkyWeb.csproj", "{015F9959-143A-4A6F-81A8-D21275A2C2FD}"
EndProject
Project("{FAE04EC0-301F-11D3-BF4B-00C04F79EFBC}") = "BulkyWebRazor_Temp", "BulkyWebRazor_Temp\BulkyWebRazor_Temp.csproj", "{2767979A-E6A4-496A-B503-C5A4C399BAEC}"
EndProject
Global
	GlobalSection(SolutionConfigurationPlatforms) = preSolution
		Debug|Any CPU = Debug|Any CPU
		Release|Any CPU = Release|Any CPU
	EndGlobalSection
	GlobalSection(ProjectConfigurationPlatforms) = postSolution
		{015F9959-143A-4A6F-81A8-D21275A2C2FD}.Debug|Any CPU.ActiveCfg = Debug|Any CPU
		{015F9959-143A-4A6F-81A8-D21275A2C2FD}.Debug|Any CPU.Build.0 = Debug|Any CPU
		{015F9959-143A-4A6F-81A8-D21275A2C2FD}.Release|Any CPU.ActiveCfg = Release|Any CPU
		{015F9959-143A-4A6F-81A8-D21275A2C2FD}.Release|Any CPU.Build.0 = Release|Any CPU
		{2767979A-E6A4-496A-B503-C5A4C399BAEC}.Debug|Any CPU.ActiveCfg = Debug|Any CPU
		{2767979A-E6A4-496A-B503-C5A4C399BAEC}.Debug|Any CPU.Build.0 = Debug|Any CPU
		{2767979A-E6A4-496A-B503-C5A4C399BAEC}.Release|Any CPU.ActiveCfg = Release|Any CPU
		{2767979A-E6A4-496A-B503-C5A4C399BAEC}.Release|Any CPU.Build.0 = Release|Any CPU
	EndGlobalSection
	GlobalSection(SolutionProperties) = preSolution
		HideSolutionNode = FALSE
	EndGlobalSection
	GlobalSection(ExtensibilityGlobals) = postSolution
		SolutionGuid = {B6BC85E9-EF23-47FD-98C6-69BAD3A9353B}
	EndGlobalSection
EndGlobal
